
Microsoft Visual Studio Solution File, Format Version 12.00
# Visual Studio 15
VisualStudioVersion = 15.0.27703.2035
MinimumVisualStudioVersion = 10.0.40219.1
Project("{8BC9CEB8-8B4A-11D0-8D11-00A0C91BC942}") = "detection_train", "detection_train\detection_train.vcxproj", "{354A665A-6243-44F6-B3B3-772AB39031D5}"
EndProject
Global
	GlobalSection(SolutionConfigurationPlatforms) = preSolution
		Debug|x64 = Debug|x64
		Debug|x86 = Debug|x86
		Release|x64 = Release|x64
		Release|x86 = Release|x86
	EndGlobalSection
	GlobalSection(ProjectConfigurationPlatforms) = postSolution
		{354A665A-6243-44F6-B3B3-772AB39031D5}.Debug|x64.ActiveCfg = Debug|x64
		{354A665A-6243-44F6-B3B3-772AB39031D5}.Debug|x64.Build.0 = Debug|x64
		{354A665A-6243-44F6-B3B3-772AB39031D5}.Debug|x86.ActiveCfg = Debug|Win32
		{354A665A-6243-44F6-B3B3-772AB39031D5}.Debug|x86.Build.0 = Debug|Win32
		{354A665A-6243-44F6-B3B3-772AB39031D5}.Release|x64.ActiveCfg = Release|x64
		{354A665A-6243-44F6-B3B3-772AB39031D5}.Release|x64.Build.0 = Release|x64
		{354A665A-6243-44F6-B3B3-772AB39031D5}.Release|x86.ActiveCfg = Release|Win32
		{354A665A-6243-44F6-B3B3-772AB39031D5}.Release|x86.Build.0 = Release|Win32
	EndGlobalSection
	GlobalSection(SolutionProperties) = preSolution
		HideSolutionNode = FALSE
	EndGlobalSection
	GlobalSection(ExtensibilityGlobals) = postSolution
		SolutionGuid = {0AFC4948-F4F2-4FE9-A834-0975211D7EE4}
	EndGlobalSection
EndGlobal
